// !$*UTF8*$!
{
	archiveVersion = 1;
	classes = {
	};
	objectVersion = 51;
	objects = {

/* Begin PBXBuildFile section */
		91C7418CB55457D659B8B280 /* Pods_NewPipe.framework in Frameworks */ = {isa = PBXBuildFile; fileRef = E80DF7FF65325697E267E664 /* Pods_NewPipe.framework */; };
		AEE839EFAE1B3A5759A67521 /* Pods_NewPipe_NewPipeUITests.framework in Frameworks */ = {isa = PBXBuildFile; fileRef = 344BDF0CB0525AA0E376191B /* Pods_NewPipe_NewPipeUITests.framework */; };
		BC7E7B51992DFF857CDF23BC /* Pods_NewPipeTests.framework in Frameworks */ = {isa = PBXBuildFile; fileRef = 68E046E2B62E07E06C85DA3A /* Pods_NewPipeTests.framework */; };
		E654C03724794346007BCFCF /* StreamInfoItem.swift in Sources */ = {isa = PBXBuildFile; fileRef = E654C03624794346007BCFCF /* StreamInfoItem.swift */; };
		E676A0F32478DEF100776D33 /* HomeViewController.swift in Sources */ = {isa = PBXBuildFile; fileRef = E676A0F22478DEF100776D33 /* HomeViewController.swift */; };
		E676A0F6247907B900776D33 /* YoutubeHttpResource.swift in Sources */ = {isa = PBXBuildFile; fileRef = E676A0F5247907B900776D33 /* YoutubeHttpResource.swift */; };
		E6CB9C9A2478A43200E26B64 /* AppDelegate.swift in Sources */ = {isa = PBXBuildFile; fileRef = E6CB9C992478A43200E26B64 /* AppDelegate.swift */; };
		E6CB9C9C2478A43200E26B64 /* SceneDelegate.swift in Sources */ = {isa = PBXBuildFile; fileRef = E6CB9C9B2478A43200E26B64 /* SceneDelegate.swift */; };
		E6CB9CA32478A43300E26B64 /* Assets.xcassets in Resources */ = {isa = PBXBuildFile; fileRef = E6CB9CA22478A43300E26B64 /* Assets.xcassets */; };
		E6CB9CA62478A43300E26B64 /* LaunchScreen.storyboard in Resources */ = {isa = PBXBuildFile; fileRef = E6CB9CA42478A43300E26B64 /* LaunchScreen.storyboard */; };
		E6CB9CB12478A43300E26B64 /* NewPipeTests.swift in Sources */ = {isa = PBXBuildFile; fileRef = E6CB9CB02478A43300E26B64 /* NewPipeTests.swift */; };
		E6CB9CBC2478A43300E26B64 /* NewPipeUITests.swift in Sources */ = {isa = PBXBuildFile; fileRef = E6CB9CBB2478A43300E26B64 /* NewPipeUITests.swift */; };
/* End PBXBuildFile section */

/* Begin PBXContainerItemProxy section */
		E6CB9CAD2478A43300E26B64 /* PBXContainerItemProxy */ = {
			isa = PBXContainerItemProxy;
			containerPortal = E6CB9C8E2478A43200E26B64 /* Project object */;
			proxyType = 1;
			remoteGlobalIDString = E6CB9C952478A43200E26B64;
			remoteInfo = NewPipe;
		};
		E6CB9CB82478A43300E26B64 /* PBXContainerItemProxy */ = {
			isa = PBXContainerItemProxy;
			containerPortal = E6CB9C8E2478A43200E26B64 /* Project object */;
			proxyType = 1;
			remoteGlobalIDString = E6CB9C952478A43200E26B64;
			remoteInfo = NewPipe;
		};
/* End PBXContainerItemProxy section */

/* Begin PBXFileReference section */
		296726369032C5D70542CF9D /* Pods-NewPipe.debug.xcconfig */ = {isa = PBXFileReference; includeInIndex = 1; lastKnownFileType = text.xcconfig; name = "Pods-NewPipe.debug.xcconfig"; path = "Target Support Files/Pods-NewPipe/Pods-NewPipe.debug.xcconfig"; sourceTree = "<group>"; };
		344BDF0CB0525AA0E376191B /* Pods_NewPipe_NewPipeUITests.framework */ = {isa = PBXFileReference; explicitFileType = wrapper.framework; includeInIndex = 0; path = Pods_NewPipe_NewPipeUITests.framework; sourceTree = BUILT_PRODUCTS_DIR; };
		68E046E2B62E07E06C85DA3A /* Pods_NewPipeTests.framework */ = {isa = PBXFileReference; explicitFileType = wrapper.framework; includeInIndex = 0; path = Pods_NewPipeTests.framework; sourceTree = BUILT_PRODUCTS_DIR; };
		8A8931A1AD2802DF5B51D177 /* Pods-NewPipe-NewPipeUITests.release.xcconfig */ = {isa = PBXFileReference; includeInIndex = 1; lastKnownFileType = text.xcconfig; name = "Pods-NewPipe-NewPipeUITests.release.xcconfig"; path = "Target Support Files/Pods-NewPipe-NewPipeUITests/Pods-NewPipe-NewPipeUITests.release.xcconfig"; sourceTree = "<group>"; };
		99A11731BDD45F8DFA660069 /* Pods-NewPipeTests.debug.xcconfig */ = {isa = PBXFileReference; includeInIndex = 1; lastKnownFileType = text.xcconfig; name = "Pods-NewPipeTests.debug.xcconfig"; path = "Target Support Files/Pods-NewPipeTests/Pods-NewPipeTests.debug.xcconfig"; sourceTree = "<group>"; };
		9B4E410676DAA1A10151CFE4 /* Pods-NewPipeTests.release.xcconfig */ = {isa = PBXFileReference; includeInIndex = 1; lastKnownFileType = text.xcconfig; name = "Pods-NewPipeTests.release.xcconfig"; path = "Target Support Files/Pods-NewPipeTests/Pods-NewPipeTests.release.xcconfig"; sourceTree = "<group>"; };
		AFF4162C71FEFD57F95E9C78 /* Pods-NewPipe.release.xcconfig */ = {isa = PBXFileReference; includeInIndex = 1; lastKnownFileType = text.xcconfig; name = "Pods-NewPipe.release.xcconfig"; path = "Target Support Files/Pods-NewPipe/Pods-NewPipe.release.xcconfig"; sourceTree = "<group>"; };
		E654C03624794346007BCFCF /* StreamInfoItem.swift */ = {isa = PBXFileReference; lastKnownFileType = sourcecode.swift; path = StreamInfoItem.swift; sourceTree = "<group>"; };
		E676A0F22478DEF100776D33 /* HomeViewController.swift */ = {isa = PBXFileReference; lastKnownFileType = sourcecode.swift; path = HomeViewController.swift; sourceTree = "<group>"; };
		E676A0F5247907B900776D33 /* YoutubeHttpResource.swift */ = {isa = PBXFileReference; lastKnownFileType = sourcecode.swift; path = YoutubeHttpResource.swift; sourceTree = "<group>"; };
		E6CB9C962478A43200E26B64 /* NewPipe.app */ = {isa = PBXFileReference; explicitFileType = wrapper.application; includeInIndex = 0; path = NewPipe.app; sourceTree = BUILT_PRODUCTS_DIR; };
		E6CB9C992478A43200E26B64 /* AppDelegate.swift */ = {isa = PBXFileReference; lastKnownFileType = sourcecode.swift; path = AppDelegate.swift; sourceTree = "<group>"; };
		E6CB9C9B2478A43200E26B64 /* SceneDelegate.swift */ = {isa = PBXFileReference; lastKnownFileType = sourcecode.swift; path = SceneDelegate.swift; sourceTree = "<group>"; };
		E6CB9CA22478A43300E26B64 /* Assets.xcassets */ = {isa = PBXFileReference; lastKnownFileType = folder.assetcatalog; path = Assets.xcassets; sourceTree = "<group>"; };
		E6CB9CA52478A43300E26B64 /* Base */ = {isa = PBXFileReference; lastKnownFileType = file.storyboard; name = Base; path = Base.lproj/LaunchScreen.storyboard; sourceTree = "<group>"; };
		E6CB9CA72478A43300E26B64 /* Info.plist */ = {isa = PBXFileReference; lastKnownFileType = text.plist.xml; path = Info.plist; sourceTree = "<group>"; };
		E6CB9CAC2478A43300E26B64 /* NewPipeTests.xctest */ = {isa = PBXFileReference; explicitFileType = wrapper.cfbundle; includeInIndex = 0; path = NewPipeTests.xctest; sourceTree = BUILT_PRODUCTS_DIR; };
		E6CB9CB02478A43300E26B64 /* NewPipeTests.swift */ = {isa = PBXFileReference; lastKnownFileType = sourcecode.swift; path = NewPipeTests.swift; sourceTree = "<group>"; };
		E6CB9CB22478A43300E26B64 /* Info.plist */ = {isa = PBXFileReference; lastKnownFileType = text.plist.xml; path = Info.plist; sourceTree = "<group>"; };
		E6CB9CB72478A43300E26B64 /* NewPipeUITests.xctest */ = {isa = PBXFileReference; explicitFileType = wrapper.cfbundle; includeInIndex = 0; path = NewPipeUITests.xctest; sourceTree = BUILT_PRODUCTS_DIR; };
		E6CB9CBB2478A43300E26B64 /* NewPipeUITests.swift */ = {isa = PBXFileReference; lastKnownFileType = sourcecode.swift; path = NewPipeUITests.swift; sourceTree = "<group>"; };
		E6CB9CBD2478A43300E26B64 /* Info.plist */ = {isa = PBXFileReference; lastKnownFileType = text.plist.xml; path = Info.plist; sourceTree = "<group>"; };
		E80DF7FF65325697E267E664 /* Pods_NewPipe.framework */ = {isa = PBXFileReference; explicitFileType = wrapper.framework; includeInIndex = 0; path = Pods_NewPipe.framework; sourceTree = BUILT_PRODUCTS_DIR; };
		EDBEDF3A7B4C8E65A56E3CA8 /* Pods-NewPipe-NewPipeUITests.debug.xcconfig */ = {isa = PBXFileReference; includeInIndex = 1; lastKnownFileType = text.xcconfig; name = "Pods-NewPipe-NewPipeUITests.debug.xcconfig"; path = "Target Support Files/Pods-NewPipe-NewPipeUITests/Pods-NewPipe-NewPipeUITests.debug.xcconfig"; sourceTree = "<group>"; };
/* End PBXFileReference section */

/* Begin PBXFrameworksBuildPhase section */
		E6CB9C932478A43200E26B64 /* Frameworks */ = {
			isa = PBXFrameworksBuildPhase;
			buildActionMask = 2147483647;
			files = (
				91C7418CB55457D659B8B280 /* Pods_NewPipe.framework in Frameworks */,
			);
			runOnlyForDeploymentPostprocessing = 0;
		};
		E6CB9CA92478A43300E26B64 /* Frameworks */ = {
			isa = PBXFrameworksBuildPhase;
			buildActionMask = 2147483647;
			files = (
				BC7E7B51992DFF857CDF23BC /* Pods_NewPipeTests.framework in Frameworks */,
			);
			runOnlyForDeploymentPostprocessing = 0;
		};
		E6CB9CB42478A43300E26B64 /* Frameworks */ = {
			isa = PBXFrameworksBuildPhase;
			buildActionMask = 2147483647;
			files = (
				AEE839EFAE1B3A5759A67521 /* Pods_NewPipe_NewPipeUITests.framework in Frameworks */,
			);
			runOnlyForDeploymentPostprocessing = 0;
		};
/* End PBXFrameworksBuildPhase section */

/* Begin PBXGroup section */
		3EFC6A49FCBAD142FC7D899D /* Frameworks */ = {
			isa = PBXGroup;
			children = (
				E80DF7FF65325697E267E664 /* Pods_NewPipe.framework */,
				344BDF0CB0525AA0E376191B /* Pods_NewPipe_NewPipeUITests.framework */,
				68E046E2B62E07E06C85DA3A /* Pods_NewPipeTests.framework */,
			);
			name = Frameworks;
			sourceTree = "<group>";
		};
		94D290800093FC3C8F08DD3E /* Pods */ = {
			isa = PBXGroup;
			children = (
				296726369032C5D70542CF9D /* Pods-NewPipe.debug.xcconfig */,
				AFF4162C71FEFD57F95E9C78 /* Pods-NewPipe.release.xcconfig */,
				EDBEDF3A7B4C8E65A56E3CA8 /* Pods-NewPipe-NewPipeUITests.debug.xcconfig */,
				8A8931A1AD2802DF5B51D177 /* Pods-NewPipe-NewPipeUITests.release.xcconfig */,
				99A11731BDD45F8DFA660069 /* Pods-NewPipeTests.debug.xcconfig */,
				9B4E410676DAA1A10151CFE4 /* Pods-NewPipeTests.release.xcconfig */,
			);
			path = Pods;
			sourceTree = "<group>";
		};
		E654C0352479431F007BCFCF /* Bean */ = {
			isa = PBXGroup;
			children = (
				E654C03624794346007BCFCF /* StreamInfoItem.swift */,
			);
			path = Bean;
			sourceTree = "<group>";
		};
		E676A0F42479079400776D33 /* Model */ = {
			isa = PBXGroup;
			children = (
				E654C0352479431F007BCFCF /* Bean */,
				E676A0F5247907B900776D33 /* YoutubeHttpResource.swift */,
			);
			path = Model;
			sourceTree = "<group>";
		};
		E6CB9C8D2478A43200E26B64 = {
			isa = PBXGroup;
			children = (
				E6CB9C982478A43200E26B64 /* NewPipe */,
				E6CB9CAF2478A43300E26B64 /* NewPipeTests */,
				E6CB9CBA2478A43300E26B64 /* NewPipeUITests */,
				E6CB9C972478A43200E26B64 /* Products */,
				94D290800093FC3C8F08DD3E /* Pods */,
				3EFC6A49FCBAD142FC7D899D /* Frameworks */,
			);
			sourceTree = "<group>";
		};
		E6CB9C972478A43200E26B64 /* Products */ = {
			isa = PBXGroup;
			children = (
				E6CB9C962478A43200E26B64 /* NewPipe.app */,
				E6CB9CAC2478A43300E26B64 /* NewPipeTests.xctest */,
				E6CB9CB72478A43300E26B64 /* NewPipeUITests.xctest */,
			);
			name = Products;
			sourceTree = "<group>";
		};
		E6CB9C982478A43200E26B64 /* NewPipe */ = {
			isa = PBXGroup;
			children = (
				E6CB9CCA2478A56800E26B64 /* SupportingFiles */,
				E676A0F42479079400776D33 /* Model */,
				E6CB9CC92478A4DB00E26B64 /* Controller */,
			);
			path = NewPipe;
			sourceTree = "<group>";
		};
		E6CB9CAF2478A43300E26B64 /* NewPipeTests */ = {
			isa = PBXGroup;
			children = (
				E6CB9CB02478A43300E26B64 /* NewPipeTests.swift */,
				E6CB9CB22478A43300E26B64 /* Info.plist */,
			);
			path = NewPipeTests;
			sourceTree = "<group>";
		};
		E6CB9CBA2478A43300E26B64 /* NewPipeUITests */ = {
			isa = PBXGroup;
			children = (
				E6CB9CBB2478A43300E26B64 /* NewPipeUITests.swift */,
				E6CB9CBD2478A43300E26B64 /* Info.plist */,
			);
			path = NewPipeUITests;
			sourceTree = "<group>";
		};
		E6CB9CC92478A4DB00E26B64 /* Controller */ = {
			isa = PBXGroup;
			children = (
				E676A0F22478DEF100776D33 /* HomeViewController.swift */,
			);
			path = Controller;
			sourceTree = "<group>";
		};
		E6CB9CCA2478A56800E26B64 /* SupportingFiles */ = {
			isa = PBXGroup;
			children = (
				E6CB9CA22478A43300E26B64 /* Assets.xcassets */,
				E6CB9CA42478A43300E26B64 /* LaunchScreen.storyboard */,
				E6CB9CA72478A43300E26B64 /* Info.plist */,
				E6CB9C992478A43200E26B64 /* AppDelegate.swift */,
				E6CB9C9B2478A43200E26B64 /* SceneDelegate.swift */,
			);
			path = SupportingFiles;
			sourceTree = "<group>";
		};
/* End PBXGroup section */

/* Begin PBXNativeTarget section */
		E6CB9C952478A43200E26B64 /* NewPipe */ = {
			isa = PBXNativeTarget;
			buildConfigurationList = E6CB9CC02478A43300E26B64 /* Build configuration list for PBXNativeTarget "NewPipe" */;
			buildPhases = (
				813236AFEA8C884F83F93A0D /* [CP] Check Pods Manifest.lock */,
				E6CB9C922478A43200E26B64 /* Sources */,
				E6CB9C932478A43200E26B64 /* Frameworks */,
				E6CB9C942478A43200E26B64 /* Resources */,
				F07C4FE00C8B3F5D0641F933 /* [CP] Embed Pods Frameworks */,
			);
			buildRules = (
			);
			dependencies = (
			);
			name = NewPipe;
			productName = NewPipe;
			productReference = E6CB9C962478A43200E26B64 /* NewPipe.app */;
			productType = "com.apple.product-type.application";
		};
		E6CB9CAB2478A43300E26B64 /* NewPipeTests */ = {
			isa = PBXNativeTarget;
			buildConfigurationList = E6CB9CC32478A43300E26B64 /* Build configuration list for PBXNativeTarget "NewPipeTests" */;
			buildPhases = (
				F841D024C9E5DC8356DD3D62 /* [CP] Check Pods Manifest.lock */,
				E6CB9CA82478A43300E26B64 /* Sources */,
				E6CB9CA92478A43300E26B64 /* Frameworks */,
				E6CB9CAA2478A43300E26B64 /* Resources */,
			);
			buildRules = (
			);
			dependencies = (
				E6CB9CAE2478A43300E26B64 /* PBXTargetDependency */,
			);
			name = NewPipeTests;
			productName = NewPipeTests;
			productReference = E6CB9CAC2478A43300E26B64 /* NewPipeTests.xctest */;
			productType = "com.apple.product-type.bundle.unit-test";
		};
		E6CB9CB62478A43300E26B64 /* NewPipeUITests */ = {
			isa = PBXNativeTarget;
			buildConfigurationList = E6CB9CC62478A43300E26B64 /* Build configuration list for PBXNativeTarget "NewPipeUITests" */;
			buildPhases = (
				AD6A7735FDC7BD20BCD94A90 /* [CP] Check Pods Manifest.lock */,
				E6CB9CB32478A43300E26B64 /* Sources */,
				E6CB9CB42478A43300E26B64 /* Frameworks */,
				E6CB9CB52478A43300E26B64 /* Resources */,
				253778EF13CB8CAD6C6717D9 /* [CP] Embed Pods Frameworks */,
			);
			buildRules = (
			);
			dependencies = (
				E6CB9CB92478A43300E26B64 /* PBXTargetDependency */,
			);
			name = NewPipeUITests;
			productName = NewPipeUITests;
			productReference = E6CB9CB72478A43300E26B64 /* NewPipeUITests.xctest */;
			productType = "com.apple.product-type.bundle.ui-testing";
		};
/* End PBXNativeTarget section */

/* Begin PBXProject section */
		E6CB9C8E2478A43200E26B64 /* Project object */ = {
			isa = PBXProject;
			attributes = {
				LastSwiftUpdateCheck = 1140;
				LastUpgradeCheck = 1140;
				ORGANIZATIONNAME = "Lun Wei";
				TargetAttributes = {
					E6CB9C952478A43200E26B64 = {
						CreatedOnToolsVersion = 11.4.1;
					};
					E6CB9CAB2478A43300E26B64 = {
						CreatedOnToolsVersion = 11.4.1;
						TestTargetID = E6CB9C952478A43200E26B64;
					};
					E6CB9CB62478A43300E26B64 = {
						CreatedOnToolsVersion = 11.4.1;
						TestTargetID = E6CB9C952478A43200E26B64;
					};
				};
			};
			buildConfigurationList = E6CB9C912478A43200E26B64 /* Build configuration list for PBXProject "NewPipe" */;
			compatibilityVersion = "Xcode 9.3";
			developmentRegion = en;
			hasScannedForEncodings = 0;
			knownRegions = (
				en,
				Base,
			);
			mainGroup = E6CB9C8D2478A43200E26B64;
			productRefGroup = E6CB9C972478A43200E26B64 /* Products */;
			projectDirPath = "";
			projectRoot = "";
			targets = (
				E6CB9C952478A43200E26B64 /* NewPipe */,
				E6CB9CAB2478A43300E26B64 /* NewPipeTests */,
				E6CB9CB62478A43300E26B64 /* NewPipeUITests */,
			);
		};
/* End PBXProject section */

/* Begin PBXResourcesBuildPhase section */
		E6CB9C942478A43200E26B64 /* Resources */ = {
			isa = PBXResourcesBuildPhase;
			buildActionMask = 2147483647;
			files = (
				E6CB9CA62478A43300E26B64 /* LaunchScreen.storyboard in Resources */,
				E6CB9CA32478A43300E26B64 /* Assets.xcassets in Resources */,
			);
			runOnlyForDeploymentPostprocessing = 0;
		};
		E6CB9CAA2478A43300E26B64 /* Resources */ = {
			isa = PBXResourcesBuildPhase;
			buildActionMask = 2147483647;
			files = (
			);
			runOnlyForDeploymentPostprocessing = 0;
		};
		E6CB9CB52478A43300E26B64 /* Resources */ = {
			isa = PBXResourcesBuildPhase;
			buildActionMask = 2147483647;
			files = (
			);
			runOnlyForDeploymentPostprocessing = 0;
		};
/* End PBXResourcesBuildPhase section */

/* Begin PBXShellScriptBuildPhase section */
		253778EF13CB8CAD6C6717D9 /* [CP] Embed Pods Frameworks */ = {
			isa = PBXShellScriptBuildPhase;
			buildActionMask = 2147483647;
			files = (
			);
			inputFileListPaths = (
				"${PODS_ROOT}/Target Support Files/Pods-NewPipe-NewPipeUITests/Pods-NewPipe-NewPipeUITests-frameworks-${CONFIGURATION}-input-files.xcfilelist",
			);
			name = "[CP] Embed Pods Frameworks";
			outputFileListPaths = (
				"${PODS_ROOT}/Target Support Files/Pods-NewPipe-NewPipeUITests/Pods-NewPipe-NewPipeUITests-frameworks-${CONFIGURATION}-output-files.xcfilelist",
			);
			runOnlyForDeploymentPostprocessing = 0;
			shellPath = /bin/sh;
			shellScript = "\"${PODS_ROOT}/Target Support Files/Pods-NewPipe-NewPipeUITests/Pods-NewPipe-NewPipeUITests-frameworks.sh\"\n";
			showEnvVarsInLog = 0;
		};
		813236AFEA8C884F83F93A0D /* [CP] Check Pods Manifest.lock */ = {
			isa = PBXShellScriptBuildPhase;
			buildActionMask = 2147483647;
			files = (
			);
			inputFileListPaths = (
			);
			inputPaths = (
				"${PODS_PODFILE_DIR_PATH}/Podfile.lock",
				"${PODS_ROOT}/Manifest.lock",
			);
			name = "[CP] Check Pods Manifest.lock";
			outputFileListPaths = (
			);
			outputPaths = (
				"$(DERIVED_FILE_DIR)/Pods-NewPipe-checkManifestLockResult.txt",
			);
			runOnlyForDeploymentPostprocessing = 0;
			shellPath = /bin/sh;
			shellScript = "diff \"${PODS_PODFILE_DIR_PATH}/Podfile.lock\" \"${PODS_ROOT}/Manifest.lock\" > /dev/null\nif [ $? != 0 ] ; then\n    # print error to STDERR\n    echo \"error: The sandbox is not in sync with the Podfile.lock. Run 'pod install' or update your CocoaPods installation.\" >&2\n    exit 1\nfi\n# This output is used by Xcode 'outputs' to avoid re-running this script phase.\necho \"SUCCESS\" > \"${SCRIPT_OUTPUT_FILE_0}\"\n";
			showEnvVarsInLog = 0;
		};
		AD6A7735FDC7BD20BCD94A90 /* [CP] Check Pods Manifest.lock */ = {
			isa = PBXShellScriptBuildPhase;
			buildActionMask = 2147483647;
			files = (
			);
			inputFileListPaths = (
			);
			inputPaths = (
				"${PODS_PODFILE_DIR_PATH}/Podfile.lock",
				"${PODS_ROOT}/Manifest.lock",
			);
			name = "[CP] Check Pods Manifest.lock";
			outputFileListPaths = (
			);
			outputPaths = (
				"$(DERIVED_FILE_DIR)/Pods-NewPipe-NewPipeUITests-checkManifestLockResult.txt",
			);
			runOnlyForDeploymentPostprocessing = 0;
			shellPath = /bin/sh;
			shellScript = "diff \"${PODS_PODFILE_DIR_PATH}/Podfile.lock\" \"${PODS_ROOT}/Manifest.lock\" > /dev/null\nif [ $? != 0 ] ; then\n    # print error to STDERR\n    echo \"error: The sandbox is not in sync with the Podfile.lock. Run 'pod install' or update your CocoaPods installation.\" >&2\n    exit 1\nfi\n# This output is used by Xcode 'outputs' to avoid re-running this script phase.\necho \"SUCCESS\" > \"${SCRIPT_OUTPUT_FILE_0}\"\n";
			showEnvVarsInLog = 0;
		};
		F07C4FE00C8B3F5D0641F933 /* [CP] Embed Pods Frameworks */ = {
			isa = PBXShellScriptBuildPhase;
			buildActionMask = 2147483647;
			files = (
			);
			inputFileListPaths = (
				"${PODS_ROOT}/Target Support Files/Pods-NewPipe/Pods-NewPipe-frameworks-${CONFIGURATION}-input-files.xcfilelist",
			);
			name = "[CP] Embed Pods Frameworks";
			outputFileListPaths = (
				"${PODS_ROOT}/Target Support Files/Pods-NewPipe/Pods-NewPipe-frameworks-${CONFIGURATION}-output-files.xcfilelist",
			);
			runOnlyForDeploymentPostprocessing = 0;
			shellPath = /bin/sh;
			shellScript = "\"${PODS_ROOT}/Target Support Files/Pods-NewPipe/Pods-NewPipe-frameworks.sh\"\n";
			showEnvVarsInLog = 0;
		};
		F841D024C9E5DC8356DD3D62 /* [CP] Check Pods Manifest.lock */ = {
			isa = PBXShellScriptBuildPhase;
			buildActionMask = 2147483647;
			files = (
			);
			inputFileListPaths = (
			);
			inputPaths = (
				"${PODS_PODFILE_DIR_PATH}/Podfile.lock",
				"${PODS_ROOT}/Manifest.lock",
			);
			name = "[CP] Check Pods Manifest.lock";
			outputFileListPaths = (
			);
			outputPaths = (
				"$(DERIVED_FILE_DIR)/Pods-NewPipeTests-checkManifestLockResult.txt",
			);
			runOnlyForDeploymentPostprocessing = 0;
			shellPath = /bin/sh;
			shellScript = "diff \"${PODS_PODFILE_DIR_PATH}/Podfile.lock\" \"${PODS_ROOT}/Manifest.lock\" > /dev/null\nif [ $? != 0 ] ; then\n    # print error to STDERR\n    echo \"error: The sandbox is not in sync with the Podfile.lock. Run 'pod install' or update your CocoaPods installation.\" >&2\n    exit 1\nfi\n# This output is used by Xcode 'outputs' to avoid re-running this script phase.\necho \"SUCCESS\" > \"${SCRIPT_OUTPUT_FILE_0}\"\n";
			showEnvVarsInLog = 0;
		};
/* End PBXShellScriptBuildPhase section */

/* Begin PBXSourcesBuildPhase section */
		E6CB9C922478A43200E26B64 /* Sources */ = {
			isa = PBXSourcesBuildPhase;
			buildActionMask = 2147483647;
			files = (
				E654C03724794346007BCFCF /* StreamInfoItem.swift in Sources */,
				E6CB9C9A2478A43200E26B64 /* AppDelegate.swift in Sources */,
				E676A0F6247907B900776D33 /* YoutubeHttpResource.swift in Sources */,
				E676A0F32478DEF100776D33 /* HomeViewController.swift in Sources */,
				E6CB9C9C2478A43200E26B64 /* SceneDelegate.swift in Sources */,
			);
			runOnlyForDeploymentPostprocessing = 0;
		};
		E6CB9CA82478A43300E26B64 /* Sources */ = {
			isa = PBXSourcesBuildPhase;
			buildActionMask = 2147483647;
			files = (
				E6CB9CB12478A43300E26B64 /* NewPipeTests.swift in Sources */,
			);
			runOnlyForDeploymentPostprocessing = 0;
		};
		E6CB9CB32478A43300E26B64 /* Sources */ = {
			isa = PBXSourcesBuildPhase;
			buildActionMask = 2147483647;
			files = (
				E6CB9CBC2478A43300E26B64 /* NewPipeUITests.swift in Sources */,
			);
			runOnlyForDeploymentPostprocessing = 0;
		};
/* End PBXSourcesBuildPhase section */

/* Begin PBXTargetDependency section */
		E6CB9CAE2478A43300E26B64 /* PBXTargetDependency */ = {
			isa = PBXTargetDependency;
			target = E6CB9C952478A43200E26B64 /* NewPipe */;
			targetProxy = E6CB9CAD2478A43300E26B64 /* PBXContainerItemProxy */;
		};
		E6CB9CB92478A43300E26B64 /* PBXTargetDependency */ = {
			isa = PBXTargetDependency;
			target = E6CB9C952478A43200E26B64 /* NewPipe */;
			targetProxy = E6CB9CB82478A43300E26B64 /* PBXContainerItemProxy */;
		};
/* End PBXTargetDependency section */

/* Begin PBXVariantGroup section */
		E6CB9CA42478A43300E26B64 /* LaunchScreen.storyboard */ = {
			isa = PBXVariantGroup;
			children = (
				E6CB9CA52478A43300E26B64 /* Base */,
			);
			name = LaunchScreen.storyboard;
			sourceTree = "<group>";
		};
/* End PBXVariantGroup section */

/* Begin XCBuildConfiguration section */
		E6CB9CBE2478A43300E26B64 /* Debug */ = {
			isa = XCBuildConfiguration;
			buildSettings = {
				ALWAYS_SEARCH_USER_PATHS = NO;
				CLANG_ANALYZER_NONNULL = YES;
				CLANG_ANALYZER_NUMBER_OBJECT_CONVERSION = YES_AGGRESSIVE;
				CLANG_CXX_LANGUAGE_STANDARD = "gnu++14";
				CLANG_CXX_LIBRARY = "libc++";
				CLANG_ENABLE_MODULES = YES;
				CLANG_ENABLE_OBJC_ARC = YES;
				CLANG_ENABLE_OBJC_WEAK = YES;
				CLANG_WARN_BLOCK_CAPTURE_AUTORELEASING = YES;
				CLANG_WARN_BOOL_CONVERSION = YES;
				CLANG_WARN_COMMA = YES;
				CLANG_WARN_CONSTANT_CONVERSION = YES;
				CLANG_WARN_DEPRECATED_OBJC_IMPLEMENTATIONS = YES;
				CLANG_WARN_DIRECT_OBJC_ISA_USAGE = YES_ERROR;
				CLANG_WARN_DOCUMENTATION_COMMENTS = YES;
				CLANG_WARN_EMPTY_BODY = YES;
				CLANG_WARN_ENUM_CONVERSION = YES;
				CLANG_WARN_INFINITE_RECURSION = YES;
				CLANG_WARN_INT_CONVERSION = YES;
				CLANG_WARN_NON_LITERAL_NULL_CONVERSION = YES;
				CLANG_WARN_OBJC_IMPLICIT_RETAIN_SELF = YES;
				CLANG_WARN_OBJC_LITERAL_CONVERSION = YES;
				CLANG_WARN_OBJC_ROOT_CLASS = YES_ERROR;
				CLANG_WARN_RANGE_LOOP_ANALYSIS = YES;
				CLANG_WARN_STRICT_PROTOTYPES = YES;
				CLANG_WARN_SUSPICIOUS_MOVE = YES;
				CLANG_WARN_UNGUARDED_AVAILABILITY = YES_AGGRESSIVE;
				CLANG_WARN_UNREACHABLE_CODE = YES;
				CLANG_WARN__DUPLICATE_METHOD_MATCH = YES;
				COPY_PHASE_STRIP = NO;
				DEBUG_INFORMATION_FORMAT = dwarf;
				ENABLE_STRICT_OBJC_MSGSEND = YES;
				ENABLE_TESTABILITY = YES;
				GCC_C_LANGUAGE_STANDARD = gnu11;
				GCC_DYNAMIC_NO_PIC = NO;
				GCC_NO_COMMON_BLOCKS = YES;
				GCC_OPTIMIZATION_LEVEL = 0;
				GCC_PREPROCESSOR_DEFINITIONS = (
					"DEBUG=1",
					"$(inherited)",
				);
				GCC_WARN_64_TO_32_BIT_CONVERSION = YES;
				GCC_WARN_ABOUT_RETURN_TYPE = YES_ERROR;
				GCC_WARN_UNDECLARED_SELECTOR = YES;
				GCC_WARN_UNINITIALIZED_AUTOS = YES_AGGRESSIVE;
				GCC_WARN_UNUSED_FUNCTION = YES;
				GCC_WARN_UNUSED_VARIABLE = YES;
				IPHONEOS_DEPLOYMENT_TARGET = 13.4;
				MTL_ENABLE_DEBUG_INFO = INCLUDE_SOURCE;
				MTL_FAST_MATH = YES;
				ONLY_ACTIVE_ARCH = YES;
				SDKROOT = iphoneos;
				SWIFT_ACTIVE_COMPILATION_CONDITIONS = DEBUG;
				SWIFT_OPTIMIZATION_LEVEL = "-Onone";
			};
			name = Debug;
		};
		E6CB9CBF2478A43300E26B64 /* Release */ = {
			isa = XCBuildConfiguration;
			buildSettings = {
				ALWAYS_SEARCH_USER_PATHS = NO;
				CLANG_ANALYZER_NONNULL = YES;
				CLANG_ANALYZER_NUMBER_OBJECT_CONVERSION = YES_AGGRESSIVE;
				CLANG_CXX_LANGUAGE_STANDARD = "gnu++14";
				CLANG_CXX_LIBRARY = "libc++";
				CLANG_ENABLE_MODULES = YES;
				CLANG_ENABLE_OBJC_ARC = YES;
				CLANG_ENABLE_OBJC_WEAK = YES;
				CLANG_WARN_BLOCK_CAPTURE_AUTORELEASING = YES;
				CLANG_WARN_BOOL_CONVERSION = YES;
				CLANG_WARN_COMMA = YES;
				CLANG_WARN_CONSTANT_CONVERSION = YES;
				CLANG_WARN_DEPRECATED_OBJC_IMPLEMENTATIONS = YES;
				CLANG_WARN_DIRECT_OBJC_ISA_USAGE = YES_ERROR;
				CLANG_WARN_DOCUMENTATION_COMMENTS = YES;
				CLANG_WARN_EMPTY_BODY = YES;
				CLANG_WARN_ENUM_CONVERSION = YES;
				CLANG_WARN_INFINITE_RECURSION = YES;
				CLANG_WARN_INT_CONVERSION = YES;
				CLANG_WARN_NON_LITERAL_NULL_CONVERSION = YES;
				CLANG_WARN_OBJC_IMPLICIT_RETAIN_SELF = YES;
				CLANG_WARN_OBJC_LITERAL_CONVERSION = YES;
				CLANG_WARN_OBJC_ROOT_CLASS = YES_ERROR;
				CLANG_WARN_RANGE_LOOP_ANALYSIS = YES;
				CLANG_WARN_STRICT_PROTOTYPES = YES;
				CLANG_WARN_SUSPICIOUS_MOVE = YES;
				CLANG_WARN_UNGUARDED_AVAILABILITY = YES_AGGRESSIVE;
				CLANG_WARN_UNREACHABLE_CODE = YES;
				CLANG_WARN__DUPLICATE_METHOD_MATCH = YES;
				COPY_PHASE_STRIP = NO;
				DEBUG_INFORMATION_FORMAT = "dwarf-with-dsym";
				ENABLE_NS_ASSERTIONS = NO;
				ENABLE_STRICT_OBJC_MSGSEND = YES;
				GCC_C_LANGUAGE_STANDARD = gnu11;
				GCC_NO_COMMON_BLOCKS = YES;
				GCC_WARN_64_TO_32_BIT_CONVERSION = YES;
				GCC_WARN_ABOUT_RETURN_TYPE = YES_ERROR;
				GCC_WARN_UNDECLARED_SELECTOR = YES;
				GCC_WARN_UNINITIALIZED_AUTOS = YES_AGGRESSIVE;
				GCC_WARN_UNUSED_FUNCTION = YES;
				GCC_WARN_UNUSED_VARIABLE = YES;
				IPHONEOS_DEPLOYMENT_TARGET = 13.4;
				MTL_ENABLE_DEBUG_INFO = NO;
				MTL_FAST_MATH = YES;
				SDKROOT = iphoneos;
				SWIFT_COMPILATION_MODE = wholemodule;
				SWIFT_OPTIMIZATION_LEVEL = "-O";
				VALIDATE_PRODUCT = YES;
			};
			name = Release;
		};
		E6CB9CC12478A43300E26B64 /* Debug */ = {
			isa = XCBuildConfiguration;
			baseConfigurationReference = 296726369032C5D70542CF9D /* Pods-NewPipe.debug.xcconfig */;
			buildSettings = {
				ASSETCATALOG_COMPILER_APPICON_NAME = AppIcon;
				CODE_SIGN_STYLE = Automatic;
				INFOPLIST_FILE = NewPipe/SupportingFiles/info.plist;
				LD_RUNPATH_SEARCH_PATHS = (
					"$(inherited)",
					"@executable_path/Frameworks",
				);
				PRODUCT_BUNDLE_IDENTIFIER = com.andro.NewPipe;
				PRODUCT_NAME = "$(TARGET_NAME)";
				SWIFT_VERSION = 5.0;
				TARGETED_DEVICE_FAMILY = "1,2";
			};
			name = Debug;
		};
		E6CB9CC22478A43300E26B64 /* Release */ = {
			isa = XCBuildConfiguration;
			baseConfigurationReference = AFF4162C71FEFD57F95E9C78 /* Pods-NewPipe.release.xcconfig */;
			buildSettings = {
				ASSETCATALOG_COMPILER_APPICON_NAME = AppIcon;
				CODE_SIGN_STYLE = Automatic;
				INFOPLIST_FILE = NewPipe/SupportingFiles/info.plist;
				LD_RUNPATH_SEARCH_PATHS = (
					"$(inherited)",
					"@executable_path/Frameworks",
				);
				PRODUCT_BUNDLE_IDENTIFIER = com.andro.NewPipe;
				PRODUCT_NAME = "$(TARGET_NAME)";
				SWIFT_VERSION = 5.0;
				TARGETED_DEVICE_FAMILY = "1,2";
			};
			name = Release;
		};
		E6CB9CC42478A43300E26B64 /* Debug */ = {
			isa = XCBuildConfiguration;
			baseConfigurationReference = 99A11731BDD45F8DFA660069 /* Pods-NewPipeTests.debug.xcconfig */;
			buildSettings = {
				ALWAYS_EMBED_SWIFT_STANDARD_LIBRARIES = YES;
				BUNDLE_LOADER = "$(TEST_HOST)";
				CODE_SIGN_STYLE = Automatic;
				INFOPLIST_FILE = NewPipeTests/Info.plist;
				IPHONEOS_DEPLOYMENT_TARGET = 13.4;
				LD_RUNPATH_SEARCH_PATHS = (
					"$(inherited)",
					"@executable_path/Frameworks",
					"@loader_path/Frameworks",
				);
				PRODUCT_BUNDLE_IDENTIFIER = com.andro.NewPipeTests;
				PRODUCT_NAME = "$(TARGET_NAME)";
				SWIFT_VERSION = 5.0;
				TARGETED_DEVICE_FAMILY = "1,2";
				TEST_HOST = "$(BUILT_PRODUCTS_DIR)/NewPipe.app/NewPipe";
			};
			name = Debug;
		};
		E6CB9CC52478A43300E26B64 /* Release */ = {
			isa = XCBuildConfiguration;
			baseConfigurationReference = 9B4E410676DAA1A10151CFE4 /* Pods-NewPipeTests.release.xcconfig */;
			buildSettings = {
				ALWAYS_EMBED_SWIFT_STANDARD_LIBRARIES = YES;
				BUNDLE_LOADER = "$(TEST_HOST)";
				CODE_SIGN_STYLE = Automatic;
				INFOPLIST_FILE = NewPipeTests/Info.plist;
				IPHONEOS_DEPLOYMENT_TARGET = 13.4;
				LD_RUNPATH_SEARCH_PATHS = (
					"$(inherited)",
					"@executable_path/Frameworks",
					"@loader_path/Frameworks",
				);
				PRODUCT_BUNDLE_IDENTIFIER = com.andro.NewPipeTests;
				PRODUCT_NAME = "$(TARGET_NAME)";
				SWIFT_VERSION = 5.0;
				TARGETED_DEVICE_FAMILY = "1,2";
				TEST_HOST = "$(BUILT_PRODUCTS_DIR)/NewPipe.app/NewPipe";
			};
			name = Release;
		};
		E6CB9CC72478A43300E26B64 /* Debug */ = {
			isa = XCBuildConfiguration;
			baseConfigurationReference = EDBEDF3A7B4C8E65A56E3CA8 /* Pods-NewPipe-NewPipeUITests.debug.xcconfig */;
			buildSettings = {
				ALWAYS_EMBED_SWIFT_STANDARD_LIBRARIES = YES;
				CODE_SIGN_STYLE = Automatic;
				INFOPLIST_FILE = NewPipeUITests/Info.plist;
				LD_RUNPATH_SEARCH_PATHS = (
					"$(inherited)",
					"@executable_path/Frameworks",
					"@loader_path/Frameworks",
				);
				PRODUCT_BUNDLE_IDENTIFIER = com.andro.NewPipeUITests;
				PRODUCT_NAME = "$(TARGET_NAME)";
				SWIFT_VERSION = 5.0;
				TARGETED_DEVICE_FAMILY = "1,2";
				TEST_TARGET_NAME = NewPipe;
			};
			name = Debug;
		};
		E6CB9CC82478A43300E26B64 /* Release */ = {
			isa = XCBuildConfiguration;
			baseConfigurationReference = 8A8931A1AD2802DF5B51D177 /* Pods-NewPipe-NewPipeUITests.release.xcconfig */;
			buildSettings = {
				ALWAYS_EMBED_SWIFT_STANDARD_LIBRARIES = YES;
				CODE_SIGN_STYLE = Automatic;
				INFOPLIST_FILE = NewPipeUITests/Info.plist;
				LD_RUNPATH_SEARCH_PATHS = (
					"$(inherited)",
					"@executable_path/Frameworks",
					"@loader_path/Frameworks",
				);
				PRODUCT_BUNDLE_IDENTIFIER = com.andro.NewPipeUITests;
				PRODUCT_NAME = "$(TARGET_NAME)";
				SWIFT_VERSION = 5.0;
				TARGETED_DEVICE_FAMILY = "1,2";
				TEST_TARGET_NAME = NewPipe;
			};
			name = Release;
		};
/* End XCBuildConfiguration section */

/* Begin XCConfigurationList section */
		E6CB9C912478A43200E26B64 /* Build configuration list for PBXProject "NewPipe" */ = {
			isa = XCConfigurationList;
			buildConfigurations = (
				E6CB9CBE2478A43300E26B64 /* Debug */,
				E6CB9CBF2478A43300E26B64 /* Release */,
			);
			defaultConfigurationIsVisible = 0;
			defaultConfigurationName = Release;
		};
		E6CB9CC02478A43300E26B64 /* Build configuration list for PBXNativeTarget "NewPipe" */ = {
			isa = XCConfigurationList;
			buildConfigurations = (
				E6CB9CC12478A43300E26B64 /* Debug */,
				E6CB9CC22478A43300E26B64 /* Release */,
			);
			defaultConfigurationIsVisible = 0;
			defaultConfigurationName = Release;
		};
		E6CB9CC32478A43300E26B64 /* Build configuration list for PBXNativeTarget "NewPipeTests" */ = {
			isa = XCConfigurationList;
			buildConfigurations = (
				E6CB9CC42478A43300E26B64 /* Debug */,
				E6CB9CC52478A43300E26B64 /* Release */,
			);
			defaultConfigurationIsVisible = 0;
			defaultConfigurationName = Release;
		};
		E6CB9CC62478A43300E26B64 /* Build configuration list for PBXNativeTarget "NewPipeUITests" */ = {
			isa = XCConfigurationList;
			buildConfigurations = (
				E6CB9CC72478A43300E26B64 /* Debug */,
				E6CB9CC82478A43300E26B64 /* Release */,
			);
			defaultConfigurationIsVisible = 0;
			defaultConfigurationName = Release;
		};
/* End XCConfigurationList section */
	};
	rootObject = E6CB9C8E2478A43200E26B64 /* Project object */;
}
